
Microsoft Visual Studio Solution File, Format Version 12.00
# Visual Studio 2013
VisualStudioVersion = 12.0.31101.0
MinimumVisualStudioVersion = 10.0.40219.1
Project("{FAE04EC0-301F-11D3-BF4B-00C04F79EFBC}") = "pokerpalooza.web", "pokerpalooza\pokerpalooza.web.csproj", "{A4A3197F-D490-4315-83A8-6FC2E98B70DC}"
EndProject
Project("{FAE04EC0-301F-11D3-BF4B-00C04F79EFBC}") = "pokerpalooza.domain", "pokerpalooza.domain\pokerpalooza.domain.csproj", "{42D881C4-65DE-494F-9BC6-E90146C75514}"
EndProject
Project("{FAE04EC0-301F-11D3-BF4B-00C04F79EFBC}") = "pokerpalooza.tests", "pokerpalooza.tests\pokerpalooza.tests.csproj", "{420AE618-6467-4E86-ACC0-886DBC97EEA6}"
EndProject
Project("{2150E333-8FDC-42A3-9474-1A3956D46DE8}") = ".nuget", ".nuget", "{5CA0E105-8F17-43BE-9815-8483509A5F2A}"
	ProjectSection(SolutionItems) = preProject
		.nuget\packages.config = .nuget\packages.config
	EndProjectSection
EndProject
Project("{FAE04EC0-301F-11D3-BF4B-00C04F79EFBC}") = "pokerpalooza.console", "pokerpalooza.console\pokerpalooza.console.csproj", "{0077348E-F4CB-41D3-8039-ABC65CC5FE4E}"
EndProject
Global
	GlobalSection(SolutionConfigurationPlatforms) = preSolution
		Debug|Any CPU = Debug|Any CPU
		Release|Any CPU = Release|Any CPU
	EndGlobalSection
	GlobalSection(ProjectConfigurationPlatforms) = postSolution
		{A4A3197F-D490-4315-83A8-6FC2E98B70DC}.Debug|Any CPU.ActiveCfg = Debug|Any CPU
		{A4A3197F-D490-4315-83A8-6FC2E98B70DC}.Debug|Any CPU.Build.0 = Debug|Any CPU
		{A4A3197F-D490-4315-83A8-6FC2E98B70DC}.Release|Any CPU.ActiveCfg = Release|Any CPU
		{A4A3197F-D490-4315-83A8-6FC2E98B70DC}.Release|Any CPU.Build.0 = Release|Any CPU
		{42D881C4-65DE-494F-9BC6-E90146C75514}.Debug|Any CPU.ActiveCfg = Debug|Any CPU
		{42D881C4-65DE-494F-9BC6-E90146C75514}.Debug|Any CPU.Build.0 = Debug|Any CPU
		{42D881C4-65DE-494F-9BC6-E90146C75514}.Release|Any CPU.ActiveCfg = Release|Any CPU
		{42D881C4-65DE-494F-9BC6-E90146C75514}.Release|Any CPU.Build.0 = Release|Any CPU
		{420AE618-6467-4E86-ACC0-886DBC97EEA6}.Debug|Any CPU.ActiveCfg = Debug|Any CPU
		{420AE618-6467-4E86-ACC0-886DBC97EEA6}.Debug|Any CPU.Build.0 = Debug|Any CPU
		{420AE618-6467-4E86-ACC0-886DBC97EEA6}.Release|Any CPU.ActiveCfg = Release|Any CPU
		{420AE618-6467-4E86-ACC0-886DBC97EEA6}.Release|Any CPU.Build.0 = Release|Any CPU
		{0077348E-F4CB-41D3-8039-ABC65CC5FE4E}.Debug|Any CPU.ActiveCfg = Debug|Any CPU
		{0077348E-F4CB-41D3-8039-ABC65CC5FE4E}.Debug|Any CPU.Build.0 = Debug|Any CPU
		{0077348E-F4CB-41D3-8039-ABC65CC5FE4E}.Release|Any CPU.ActiveCfg = Release|Any CPU
		{0077348E-F4CB-41D3-8039-ABC65CC5FE4E}.Release|Any CPU.Build.0 = Release|Any CPU
	EndGlobalSection
	GlobalSection(SolutionProperties) = preSolution
		HideSolutionNode = FALSE
	EndGlobalSection
EndGlobal
